// !$*UTF8*$!
{
	archiveVersion = 1;
	classes = {
	};
	objectVersion = 45;
	objects = {

/* Begin PBXBuildFile section */
		1D3623260D0F684500981E51 /* ___PROJECTNAMEASIDENTIFIER___AppDelegate.m in Sources */ = {isa = PBXBuildFile; fileRef = 1D3623250D0F684500981E51 /* ___PROJECTNAMEASIDENTIFIER___AppDelegate.m */; };
		1D60589B0D05DD56006BFB54 /* main.m in Sources */ = {isa = PBXBuildFile; fileRef = 29B97316FDCFA39411CA2CEA /* main.m */; };
		1D60589F0D05DD5A006BFB54 /* Foundation.framework in Frameworks */ = {isa = PBXBuildFile; fileRef = 1D30AB110D05D00D00671497 /* Foundation.framework */; };
		1DF5F4E00D08C38300B7A737 /* UIKit.framework in Frameworks */ = {isa = PBXBuildFile; fileRef = 1DF5F4DF0D08C38300B7A737 /* UIKit.framework */; };
		288765A50DF7441C002DB57D /* CoreGraphics.framework in Frameworks */ = {isa = PBXBuildFile; fileRef = 288765A40DF7441C002DB57D /* CoreGraphics.framework */; };
		2899E5220DE3E06400AC0155 /* ___PROJECTNAMEASIDENTIFIER___ViewController.xib in Resources */ = {isa = PBXBuildFile; fileRef = 2899E5210DE3E06400AC0155 /* ___PROJECTNAMEASIDENTIFIER___ViewController.xib */; };
		28AD733F0D9D9553002E5188 /* MainWindow.xib in Resources */ = {isa = PBXBuildFile; fileRef = 28AD733E0D9D9553002E5188 /* MainWindow.xib */; };
		28D7ACF80DDB3853001CB0EB /* ___PROJECTNAMEASIDENTIFIER___ViewController.m in Sources */ = {isa = PBXBuildFile; fileRef = 28D7ACF70DDB3853001CB0EB /* ___PROJECTNAMEASIDENTIFIER___ViewController.m */; };
		8C6C01A70F6F468A00770944 /* C5_logo.gif in Resources */ = {isa = PBXBuildFile; fileRef = 8C6C01A60F6F468A00770944 /* C5_logo.gif */; };
		8C6C01A80F6F468A00770944 /* C5_logo.gif in Resources */ = {isa = PBXBuildFile; fileRef = 8C6C01A60F6F468A00770944 /* C5_logo.gif */; };
		8C85D63A0FC39D6A00520AAE /* hamcrest.framework in CopyFiles */ = {isa = PBXBuildFile; fileRef = 8CFADA0C0F6F4C8400BDF316 /* hamcrest.framework */; };
		8C85D63B0FC39D6A00520AAE /* OCMock.framework in CopyFiles */ = {isa = PBXBuildFile; fileRef = 8C9E03D90F6F3D5F002BA557 /* OCMock.framework */; };
		8C9E039A0F6F3B32002BA557 /* GTMIPhoneUnitTestDelegate.m in Sources */ = {isa = PBXBuildFile; fileRef = 8C9E03950F6F3B32002BA557 /* GTMIPhoneUnitTestDelegate.m */; };
		8C9E039B0F6F3B32002BA557 /* GTMIPhoneUnitTestMain.m in Sources */ = {isa = PBXBuildFile; fileRef = 8C9E03960F6F3B32002BA557 /* GTMIPhoneUnitTestMain.m */; };
		8C9E039C0F6F3B32002BA557 /* GTMSenTestCase.m in Sources */ = {isa = PBXBuildFile; fileRef = 8C9E03980F6F3B32002BA557 /* GTMSenTestCase.m */; };
		8C9E039D0F6F3B32002BA557 /* RunIPhoneUnitTest.sh in Resources */ = {isa = PBXBuildFile; fileRef = 8C9E03990F6F3B32002BA557 /* RunIPhoneUnitTest.sh */; };
		8CFAD9DC0F6F4BBE00BDF316 /* OCMock.framework in Frameworks */ = {isa = PBXBuildFile; fileRef = 8C9E03D90F6F3D5F002BA557 /* OCMock.framework */; };
		8CFADA090F6F4C5300BDF316 /* ___PROJECTNAME___ExampleTest.m in Sources */ = {isa = PBXBuildFile; fileRef = 8CFADA080F6F4C5300BDF316 /* ___PROJECTNAME___ExampleTest.m */; };
		8CFADA0D0F6F4C8400BDF316 /* hamcrest.framework in Frameworks */ = {isa = PBXBuildFile; fileRef = 8CFADA0C0F6F4C8400BDF316 /* hamcrest.framework */; };
/* End PBXBuildFile section */

/* Begin PBXCopyFilesBuildPhase section */
		8C85D63D0FC39D8800520AAE /* CopyFiles */ = {
			isa = PBXCopyFilesBuildPhase;
			buildActionMask = 2147483647;
			dstPath = "";
			dstSubfolderSpec = 16;
			files = (
				8C85D63A0FC39D6A00520AAE /* hamcrest.framework in CopyFiles */,
				8C85D63B0FC39D6A00520AAE /* OCMock.framework in CopyFiles */,
			);
			runOnlyForDeploymentPostprocessing = 0;
		};
/* End PBXCopyFilesBuildPhase section */

/* Begin PBXFileReference section */
		1D30AB110D05D00D00671497 /* Foundation.framework */ = {isa = PBXFileReference; lastKnownFileType = wrapper.framework; name = Foundation.framework; path = System/Library/Frameworks/Foundation.framework; sourceTree = SDKROOT; };
		1D3623240D0F684500981E51 /* ___PROJECTNAMEASIDENTIFIER___AppDelegate.h */ = {isa = PBXFileReference; fileEncoding = 4; lastKnownFileType = sourcecode.c.h; path = "___PROJECTNAMEASIDENTIFIER___AppDelegate.h"; sourceTree = "<group>"; };
		1D3623250D0F684500981E51 /* ___PROJECTNAMEASIDENTIFIER___AppDelegate.m */ = {isa = PBXFileReference; fileEncoding = 4; lastKnownFileType = sourcecode.c.objc; path = "___PROJECTNAMEASIDENTIFIER___AppDelegate.m"; sourceTree = "<group>"; };
		1DF5F4DF0D08C38300B7A737 /* UIKit.framework */ = {isa = PBXFileReference; lastKnownFileType = wrapper.framework; name = UIKit.framework; path = System/Library/Frameworks/UIKit.framework; sourceTree = SDKROOT; };
		288765A40DF7441C002DB57D /* CoreGraphics.framework */ = {isa = PBXFileReference; lastKnownFileType = wrapper.framework; name = CoreGraphics.framework; path = System/Library/Frameworks/CoreGraphics.framework; sourceTree = SDKROOT; };
		2899E5210DE3E06400AC0155 /* ___PROJECTNAMEASIDENTIFIER___ViewController.xib */ = {isa = PBXFileReference; lastKnownFileType = file.xib; path = "___PROJECTNAMEASIDENTIFIER___ViewController.xib"; sourceTree = "<group>"; };
		28AD733E0D9D9553002E5188 /* MainWindow.xib */ = {isa = PBXFileReference; lastKnownFileType = file.xib; path = MainWindow.xib; sourceTree = "<group>"; };
		28D7ACF60DDB3853001CB0EB /* ___PROJECTNAMEASIDENTIFIER___ViewController.h */ = {isa = PBXFileReference; fileEncoding = 4; lastKnownFileType = sourcecode.c.h; path = "___PROJECTNAMEASIDENTIFIER___ViewController.h"; sourceTree = "<group>"; };
		28D7ACF70DDB3853001CB0EB /* ___PROJECTNAMEASIDENTIFIER___ViewController.m */ = {isa = PBXFileReference; fileEncoding = 4; lastKnownFileType = sourcecode.c.objc; path = "___PROJECTNAMEASIDENTIFIER___ViewController.m"; sourceTree = "<group>"; };
		29B97316FDCFA39411CA2CEA /* main.m */ = {isa = PBXFileReference; fileEncoding = 4; lastKnownFileType = sourcecode.c.objc; path = main.m; sourceTree = "<group>"; };
		8C2661180F6F489300F754CC /* Unit Tests.app */ = {isa = PBXFileReference; explicitFileType = wrapper.application; includeInIndex = 0; path = "Unit Tests.app"; sourceTree = BUILT_PRODUCTS_DIR; };
		8C6C01A60F6F468A00770944 /* C5_logo.gif */ = {isa = PBXFileReference; lastKnownFileType = image.gif; path = C5_logo.gif; sourceTree = "<group>"; };
		8C9E03740F6F3A3B002BA557 /* Test.plist */ = {isa = PBXFileReference; lastKnownFileType = text.plist.xml; path = Test.plist; sourceTree = "<group>"; };
		8C9E03930F6F3B32002BA557 /* GTMDefines.h */ = {isa = PBXFileReference; fileEncoding = 4; lastKnownFileType = sourcecode.c.h; path = GTMDefines.h; sourceTree = "<group>"; };
		8C9E03940F6F3B32002BA557 /* GTMIPhoneUnitTestDelegate.h */ = {isa = PBXFileReference; fileEncoding = 4; lastKnownFileType = sourcecode.c.h; path = GTMIPhoneUnitTestDelegate.h; sourceTree = "<group>"; };
		8C9E03950F6F3B32002BA557 /* GTMIPhoneUnitTestDelegate.m */ = {isa = PBXFileReference; fileEncoding = 4; lastKnownFileType = sourcecode.c.objc; path = GTMIPhoneUnitTestDelegate.m; sourceTree = "<group>"; };
		8C9E03960F6F3B32002BA557 /* GTMIPhoneUnitTestMain.m */ = {isa = PBXFileReference; fileEncoding = 4; lastKnownFileType = sourcecode.c.objc; path = GTMIPhoneUnitTestMain.m; sourceTree = "<group>"; };
		8C9E03970F6F3B32002BA557 /* GTMSenTestCase.h */ = {isa = PBXFileReference; fileEncoding = 4; lastKnownFileType = sourcecode.c.h; path = GTMSenTestCase.h; sourceTree = "<group>"; };
		8C9E03980F6F3B32002BA557 /* GTMSenTestCase.m */ = {isa = PBXFileReference; fileEncoding = 4; lastKnownFileType = sourcecode.c.objc; path = GTMSenTestCase.m; sourceTree = "<group>"; };
		8C9E03990F6F3B32002BA557 /* RunIPhoneUnitTest.sh */ = {isa = PBXFileReference; fileEncoding = 4; lastKnownFileType = text.script.sh; path = RunIPhoneUnitTest.sh; sourceTree = "<group>"; };
		8C9E03D90F6F3D5F002BA557 /* OCMock.framework */ = {isa = PBXFileReference; lastKnownFileType = wrapper.framework; path = OCMock.framework; sourceTree = "<group>"; };
		8CFAD9AD0F6F4B2500BDF316 /* ___PROJECTNAME___.app */ = {isa = PBXFileReference; explicitFileType = wrapper.application; includeInIndex = 0; path = "___PROJECTNAME___.app"; sourceTree = BUILT_PRODUCTS_DIR; };
		8CFADA080F6F4C5300BDF316 /* ___PROJECTNAME___ExampleTest.m */ = {isa = PBXFileReference; fileEncoding = 4; lastKnownFileType = sourcecode.c.objc; path = "___PROJECTNAME___ExampleTest.m"; sourceTree = "<group>"; };
		8CFADA0C0F6F4C8400BDF316 /* hamcrest.framework */ = {isa = PBXFileReference; lastKnownFileType = wrapper.framework; path = hamcrest.framework; sourceTree = "<group>"; };
		8D1107310486CEB800E47090 /* Info.plist */ = {isa = PBXFileReference; fileEncoding = 4; lastKnownFileType = text.plist.xml; path = Info.plist; sourceTree = "<group>"; };
/* End PBXFileReference section */

/* Begin PBXFrameworksBuildPhase section */
		1D60588F0D05DD3D006BFB54 /* Frameworks */ = {
			isa = PBXFrameworksBuildPhase;
			buildActionMask = 2147483647;
			files = (
				1D60589F0D05DD5A006BFB54 /* Foundation.framework in Frameworks */,
				1DF5F4E00D08C38300B7A737 /* UIKit.framework in Frameworks */,
				288765A50DF7441C002DB57D /* CoreGraphics.framework in Frameworks */,
			);
			runOnlyForDeploymentPostprocessing = 0;
		};
		8C9E036E0F6F3A3A002BA557 /* Frameworks */ = {
			isa = PBXFrameworksBuildPhase;
			buildActionMask = 2147483647;
			files = (
				8CFAD9DC0F6F4BBE00BDF316 /* OCMock.framework in Frameworks */,
				8CFADA0D0F6F4C8400BDF316 /* hamcrest.framework in Frameworks */,
			);
			runOnlyForDeploymentPostprocessing = 0;
		};
/* End PBXFrameworksBuildPhase section */

/* Begin PBXGroup section */
		080E96DDFE201D6D7F000001 /* Classes */ = {
			isa = PBXGroup;
			children = (
				8C9E03650F6F39E3002BA557 /* Database */,
				8C9E03640F6F39D0002BA557 /* Domain */,
				8C9E03630F6F39C4002BA557 /* Controller */,
				8C9E03620F6F39BD002BA557 /* View */,
			);
			path = Classes;
			sourceTree = "<group>";
		};
		19C28FACFE9D520D11CA2CBB /* Products */ = {
			isa = PBXGroup;
			children = (
				8C2661180F6F489300F754CC /* Unit Tests.app */,
				8CFAD9AD0F6F4B2500BDF316 /* ___PROJECTNAME___.app */,
			);
			name = Products;
			sourceTree = "<group>";
		};
		29B97314FDCFA39411CA2CEA /* CustomTemplate */ = {
			isa = PBXGroup;
			children = (
				8C116AA8115C455C004B1180 /* Environments */,
				8C9E035A0F6F3991002BA557 /* Tests */,
				080E96DDFE201D6D7F000001 /* Classes */,
				29B97315FDCFA39411CA2CEA /* Other Sources */,
				29B97317FDCFA39411CA2CEA /* Resources */,
				29B97323FDCFA39411CA2CEA /* Frameworks */,
				19C28FACFE9D520D11CA2CBB /* Products */,
			);
			name = CustomTemplate;
			sourceTree = "<group>";
		};
		29B97315FDCFA39411CA2CEA /* Other Sources */ = {
			isa = PBXGroup;
			children = (
				29B97316FDCFA39411CA2CEA /* main.m */,
			);
			name = "Other Sources";
			sourceTree = "<group>";
		};
		29B97317FDCFA39411CA2CEA /* Resources */ = {
			isa = PBXGroup;
			children = (
				8C6C01A60F6F468A00770944 /* C5_logo.gif */,
				2899E5210DE3E06400AC0155 /* ___PROJECTNAMEASIDENTIFIER___ViewController.xib */,
				28AD733E0D9D9553002E5188 /* MainWindow.xib */,
			);
			name = Resources;
			sourceTree = "<group>";
		};
		29B97323FDCFA39411CA2CEA /* Frameworks */ = {
			isa = PBXGroup;
			children = (
				8CFADA0C0F6F4C8400BDF316 /* hamcrest.framework */,
				8C9E03D90F6F3D5F002BA557 /* OCMock.framework */,
				1DF5F4DF0D08C38300B7A737 /* UIKit.framework */,
				1D30AB110D05D00D00671497 /* Foundation.framework */,
				288765A40DF7441C002DB57D /* CoreGraphics.framework */,
			);
			path = Frameworks;
			sourceTree = "<group>";
		};
		8C116AA8115C455C004B1180 /* Environments */ = {
			isa = PBXGroup;
			children = (
				8D1107310486CEB800E47090 /* Info.plist */,
				8C9E03740F6F3A3B002BA557 /* Test.plist */,
			);
			name = Environments;
			sourceTree = "<group>";
		};
		8C9E035A0F6F3991002BA557 /* Tests */ = {
			isa = PBXGroup;
			children = (
				8CFADA080F6F4C5300BDF316 /* ___PROJECTNAME___ExampleTest.m */,
				8C9E03920F6F3B32002BA557 /* GTM */,
			);
			path = Tests;
			sourceTree = "<group>";
		};
		8C9E03620F6F39BD002BA557 /* View */ = {
			isa = PBXGroup;
			children = (
			);
			name = View;
			sourceTree = "<group>";
		};
		8C9E03630F6F39C4002BA557 /* Controller */ = {
			isa = PBXGroup;
			children = (
				1D3623240D0F684500981E51 /* ___PROJECTNAMEASIDENTIFIER___AppDelegate.h */,
				1D3623250D0F684500981E51 /* ___PROJECTNAMEASIDENTIFIER___AppDelegate.m */,
				28D7ACF60DDB3853001CB0EB /* ___PROJECTNAMEASIDENTIFIER___ViewController.h */,
				28D7ACF70DDB3853001CB0EB /* ___PROJECTNAMEASIDENTIFIER___ViewController.m */,
			);
			name = Controller;
			sourceTree = "<group>";
		};
		8C9E03640F6F39D0002BA557 /* Domain */ = {
			isa = PBXGroup;
			children = (
			);
			name = Domain;
			sourceTree = "<group>";
		};
		8C9E03650F6F39E3002BA557 /* Database */ = {
			isa = PBXGroup;
			children = (
			);
			name = Database;
			sourceTree = "<group>";
		};
		8C9E03920F6F3B32002BA557 /* GTM */ = {
			isa = PBXGroup;
			children = (
				8C9E03930F6F3B32002BA557 /* GTMDefines.h */,
				8C9E03940F6F3B32002BA557 /* GTMIPhoneUnitTestDelegate.h */,
				8C9E03950F6F3B32002BA557 /* GTMIPhoneUnitTestDelegate.m */,
				8C9E03960F6F3B32002BA557 /* GTMIPhoneUnitTestMain.m */,
				8C9E03970F6F3B32002BA557 /* GTMSenTestCase.h */,
				8C9E03980F6F3B32002BA557 /* GTMSenTestCase.m */,
				8C9E03990F6F3B32002BA557 /* RunIPhoneUnitTest.sh */,
			);
			path = GTM;
			sourceTree = "<group>";
		};
/* End PBXGroup section */

/* Begin PBXNativeTarget section */
		1D6058900D05DD3D006BFB54 /* ___PROJECTNAME___ */ = {
			isa = PBXNativeTarget;
			buildConfigurationList = 1D6058960D05DD3E006BFB54 /* Build configuration list for PBXNativeTarget "___PROJECTNAME___" */;
			buildPhases = (
				1D60588D0D05DD3D006BFB54 /* Resources */,
				1D60588E0D05DD3D006BFB54 /* Sources */,
				1D60588F0D05DD3D006BFB54 /* Frameworks */,
			);
			buildRules = (
			);
			dependencies = (
			);
			name = "___PROJECTNAME___";
			productName = "___PROJECTNAME___";
			productReference = 8CFAD9AD0F6F4B2500BDF316 /* ___PROJECTNAME___.app */;
			productType = "com.apple.product-type.application";
		};
		8C9E036F0F6F3A3A002BA557 /* ___PROJECTNAME___ Unit Tests */ = {
			isa = PBXNativeTarget;
			buildConfigurationList = 8C9E03770F6F3A3B002BA557 /* Build configuration list for PBXNativeTarget "___PROJECTNAME___ Unit Tests" */;
			buildPhases = (
				8C9E036C0F6F3A3A002BA557 /* Resources */,
				8C85D63D0FC39D8800520AAE /* CopyFiles */,
				8C9E036D0F6F3A3A002BA557 /* Sources */,
				8C9E036E0F6F3A3A002BA557 /* Frameworks */,
				8C9E037C0F6F3AA4002BA557 /* ShellScript */,
			);
			buildRules = (
			);
			dependencies = (
			);
			name = "___PROJECTNAME___ Unit Tests";
			productName = "Unit Tests";
			productReference = 8C2661180F6F489300F754CC /* Unit Tests.app */;
			productType = "com.apple.product-type.application";
		};
/* End PBXNativeTarget section */

/* Begin PBXProject section */
		29B97313FDCFA39411CA2CEA /* Project object */ = {
			isa = PBXProject;
			buildConfigurationList = C01FCF4E08A954540054247B /* Build configuration list for PBXProject "___PROJECTNAME___" */;
			compatibilityVersion = "Xcode 3.1";
			hasScannedForEncodings = 1;
			mainGroup = 29B97314FDCFA39411CA2CEA /* CustomTemplate */;
			projectDirPath = "";
			projectRoot = "";
			targets = (
				1D6058900D05DD3D006BFB54 /* ___PROJECTNAME___ */,
				8C9E036F0F6F3A3A002BA557 /* ___PROJECTNAME___ Unit Tests */,
			);
		};
/* End PBXProject section */

/* Begin PBXResourcesBuildPhase section */
		1D60588D0D05DD3D006BFB54 /* Resources */ = {
			isa = PBXResourcesBuildPhase;
			buildActionMask = 2147483647;
			files = (
				28AD733F0D9D9553002E5188 /* MainWindow.xib in Resources */,
				2899E5220DE3E06400AC0155 /* ___PROJECTNAMEASIDENTIFIER___ViewController.xib in Resources */,
				8C6C01A70F6F468A00770944 /* C5_logo.gif in Resources */,
			);
			runOnlyForDeploymentPostprocessing = 0;
		};
		8C9E036C0F6F3A3A002BA557 /* Resources */ = {
			isa = PBXResourcesBuildPhase;
			buildActionMask = 2147483647;
			files = (
				8C9E039D0F6F3B32002BA557 /* RunIPhoneUnitTest.sh in Resources */,
				8C6C01A80F6F468A00770944 /* C5_logo.gif in Resources */,
			);
			runOnlyForDeploymentPostprocessing = 0;
		};
/* End PBXResourcesBuildPhase section */

/* Begin PBXShellScriptBuildPhase section */
		8C9E037C0F6F3AA4002BA557 /* ShellScript */ = {
			isa = PBXShellScriptBuildPhase;
			buildActionMask = 2147483647;
			files = (
			);
			inputPaths = (
			);
			outputPaths = (
			);
			runOnlyForDeploymentPostprocessing = 0;
			shellPath = /bin/sh;
			shellScript = "Libraries/libGHUnitIPhone3_0-0.4.1/RunTests.sh";
		};
/* End PBXShellScriptBuildPhase section */

/* Begin PBXSourcesBuildPhase section */
		1D60588E0D05DD3D006BFB54 /* Sources */ = {
			isa = PBXSourcesBuildPhase;
			buildActionMask = 2147483647;
			files = (
				1D60589B0D05DD56006BFB54 /* main.m in Sources */,
				1D3623260D0F684500981E51 /* ___PROJECTNAMEASIDENTIFIER___AppDelegate.m in Sources */,
				28D7ACF80DDB3853001CB0EB /* ___PROJECTNAMEASIDENTIFIER___ViewController.m in Sources */,
			);
			runOnlyForDeploymentPostprocessing = 0;
		};
		8C9E036D0F6F3A3A002BA557 /* Sources */ = {
			isa = PBXSourcesBuildPhase;
			buildActionMask = 2147483647;
			files = (
				8C9E039A0F6F3B32002BA557 /* GTMIPhoneUnitTestDelegate.m in Sources */,
				8C9E039B0F6F3B32002BA557 /* GTMIPhoneUnitTestMain.m in Sources */,
				8C9E039C0F6F3B32002BA557 /* GTMSenTestCase.m in Sources */,
				8CFADA090F6F4C5300BDF316 /* ___PROJECTNAME___ExampleTest.m in Sources */,
			);
			runOnlyForDeploymentPostprocessing = 0;
		};
/* End PBXSourcesBuildPhase section */

/* Begin XCBuildConfiguration section */
		1D6058940D05DD3E006BFB54 /* Debug */ = {
			isa = XCBuildConfiguration;
			buildSettings = {
				ALWAYS_SEARCH_USER_PATHS = NO;
				COPY_PHASE_STRIP = NO;
				GCC_DYNAMIC_NO_PIC = NO;
				GCC_OPTIMIZATION_LEVEL = 0;
				GCC_PRECOMPILE_PREFIX_HEADER = YES;
				GCC_PREFIX_HEADER = "___PROJECTNAMEASIDENTIFIER____Prefix.pch";
				INFOPLIST_FILE = Info.plist;
				PRODUCT_NAME = "___PROJECTNAME___";
			};
			name = Debug;
		};
		1D6058950D05DD3E006BFB54 /* Release */ = {
			isa = XCBuildConfiguration;
			buildSettings = {
				ALWAYS_SEARCH_USER_PATHS = NO;
				COPY_PHASE_STRIP = YES;
				GCC_PRECOMPILE_PREFIX_HEADER = YES;
				GCC_PREFIX_HEADER = "___PROJECTNAMEASIDENTIFIER____Prefix.pch";
				INFOPLIST_FILE = Info.plist;
				PRODUCT_NAME = "___PROJECTNAME___";
			};
			name = Release;
		};
		8C9E03750F6F3A3B002BA557 /* Debug */ = {
			isa = XCBuildConfiguration;
			buildSettings = {
				ALWAYS_SEARCH_USER_PATHS = NO;
				CODE_SIGN_IDENTITY = "iPhone Developer";
				COPY_PHASE_STRIP = NO;
				GCC_DYNAMIC_NO_PIC = NO;
				GCC_OPTIMIZATION_LEVEL = 0;
				GCC_PRECOMPILE_PREFIX_HEADER = YES;
				GCC_PREFIX_HEADER = "$(SYSTEM_LIBRARY_DIR)/Frameworks/UIKit.framework/Headers/UIKit.h";
				INFOPLIST_FILE = Test.plist;
				INSTALL_PATH = "$(HOME)/Applications";
				LIBRARY_SEARCH_PATHS = (
					"$(inherited)",
					"\"$(SRCROOT)/../GHUnit Tested Application/Libraries/libGHUnitIPhone3_0-0.4.1\"",
				);
				OTHER_LDFLAGS = (
					"-framework",
					Foundation,
					"-framework",
					UIKit,
				);
				PREBINDING = NO;
				PRODUCT_NAME = "Unit Tests";
				SDKROOT = iphoneos2.2.1;
			};
			name = Debug;
		};
		8C9E03760F6F3A3B002BA557 /* Release */ = {
			isa = XCBuildConfiguration;
			buildSettings = {
				ALWAYS_SEARCH_USER_PATHS = NO;
				CODE_SIGN_IDENTITY = "iPhone Developer";
				COPY_PHASE_STRIP = YES;
				DEBUG_INFORMATION_FORMAT = "dwarf-with-dsym";
				GCC_ENABLE_FIX_AND_CONTINUE = NO;
				GCC_PRECOMPILE_PREFIX_HEADER = YES;
				GCC_PREFIX_HEADER = "$(SYSTEM_LIBRARY_DIR)/Frameworks/UIKit.framework/Headers/UIKit.h";
				INFOPLIST_FILE = Test.plist;
				INSTALL_PATH = "$(HOME)/Applications";
				LIBRARY_SEARCH_PATHS = (
					"$(inherited)",
					"\"$(SRCROOT)/../GHUnit Tested Application/Libraries/libGHUnitIPhone3_0-0.4.1\"",
				);
				OTHER_LDFLAGS = (
					"-framework",
					Foundation,
					"-framework",
					UIKit,
				);
				PREBINDING = NO;
				PRODUCT_NAME = "Unit Tests";
				SDKROOT = iphoneos2.2.1;
				ZERO_LINK = NO;
			};
			name = Release;
		};
		C01FCF4F08A954540054247B /* Debug */ = {
			isa = XCBuildConfiguration;
			buildSettings = {
				ARCHS = "$(ARCHS_STANDARD_32_BIT)";
				"CODE_SIGN_IDENTITY[sdk=iphoneos*]" = "iPhone Developer";
				GCC_C_LANGUAGE_STANDARD = c99;
				GCC_WARN_ABOUT_RETURN_TYPE = YES;
				GCC_WARN_UNUSED_VARIABLE = YES;
				ONLY_ACTIVE_ARCH = YES;
				PREBINDING = NO;
				SDKROOT = iphoneos2.2.1;
			};
			name = Debug;
		};
		C01FCF5008A954540054247B /* Release */ = {
			isa = XCBuildConfiguration;
			buildSettings = {
				ARCHS = "$(ARCHS_STANDARD_32_BIT)";
				"CODE_SIGN_IDENTITY[sdk=iphoneos*]" = "iPhone Developer";
				GCC_C_LANGUAGE_STANDARD = c99;
				GCC_WARN_ABOUT_RETURN_TYPE = YES;
				GCC_WARN_UNUSED_VARIABLE = YES;
				PREBINDING = NO;
				SDKROOT = iphoneos2.2.1;
			};
			name = Release;
		};
/* End XCBuildConfiguration section */

/* Begin XCConfigurationList section */
		1D6058960D05DD3E006BFB54 /* Build configuration list for PBXNativeTarget "___PROJECTNAME___" */ = {
			isa = XCConfigurationList;
			buildConfigurations = (
				1D6058940D05DD3E006BFB54 /* Debug */,
				1D6058950D05DD3E006BFB54 /* Release */,
			);
			defaultConfigurationIsVisible = 0;
			defaultConfigurationName = Release;
		};
		8C9E03770F6F3A3B002BA557 /* Build configuration list for PBXNativeTarget "___PROJECTNAME___ Unit Tests" */ = {
			isa = XCConfigurationList;
			buildConfigurations = (
				8C9E03750F6F3A3B002BA557 /* Debug */,
				8C9E03760F6F3A3B002BA557 /* Release */,
			);
			defaultConfigurationIsVisible = 0;
			defaultConfigurationName = Release;
		};
		C01FCF4E08A954540054247B /* Build configuration list for PBXProject "___PROJECTNAME___" */ = {
			isa = XCConfigurationList;
			buildConfigurations = (
				C01FCF4F08A954540054247B /* Debug */,
				C01FCF5008A954540054247B /* Release */,
			);
			defaultConfigurationIsVisible = 0;
			defaultConfigurationName = Release;
		};
/* End XCConfigurationList section */
	};
	rootObject = 29B97313FDCFA39411CA2CEA /* Project object */;
}
